{
  "version": 4,
  "terraform_version": "1.15.0",
  "serial": 10,
  "lineage": "de0f08a9-4fbd-fe34-18c5-a759627c885e",
  "outputs": {},
  "resources": [
    {
      "mode": "managed",
      "type": "google_bigquery_dataset",
      "name": "dev",
      "provider": "provider[\"registry.terraform.io/hashicorp/google\"]",
      "instances": [
        {
          "schema_version": 0,
          "attributes": {
            "access": [
              {
                "dataset": [],
                "domain": "",
                "group_by_email": "",
                "role": "OWNER",
                "routine": [],
                "special_group": "",
                "user_by_email": "KhangelaniLTD@gmail.com",
                "view": []
              },
              {
                "dataset": [],
                "domain": "",
                "group_by_email": "",
                "role": "OWNER",
                "routine": [],
                "special_group": "projectOwners",
                "user_by_email": "",
                "view": []
              },
              {
                "dataset": [],
                "domain": "",
                "group_by_email": "",
                "role": "READER",
                "routine": [],
                "special_group": "projectReaders",
                "user_by_email": "",
                "view": []
              },
              {
                "dataset": [],
                "domain": "",
                "group_by_email": "",
                "role": "WRITER",
                "routine": [],
                "special_group": "projectWriters",
                "user_by_email": "",
                "view": []
              }
            ],
            "creation_time": 1777539457076,
            "dataset_id": "coffee_dev",
            "default_collation": "",
            "default_encryption_configuration": [],
            "default_partition_expiration_ms": 0,
            "default_table_expiration_ms": 0,
            "delete_contents_on_destroy": false,
            "description": "",
            "etag": "rgbXOvhLkPzU0Z56414Zjw==",
            "friendly_name": "",
            "id": "projects/coffee-shop-updated/datasets/coffee_dev",
            "is_case_insensitive": false,
            "labels": {},
            "last_modified_time": 1777539457076,
            "location": "US",
            "max_time_travel_hours": "168",
            "project": "coffee-shop-updated",
            "self_link": "https://bigquery.googleapis.com/bigquery/v2/projects/coffee-shop-updated/datasets/coffee_dev",
            "storage_billing_model": "",
            "timeouts": null
          },
          "sensitive_attributes": [],
          "identity_schema_version": 0,
          "private": "eyJlMmJmYjczMC1lY2FhLTExZTYtOGY4OC0zNDM2M2JjN2M0YzAiOnsiY3JlYXRlIjoxMjAwMDAwMDAwMDAwLCJkZWxldGUiOjEyMDAwMDAwMDAwMDAsInVwZGF0ZSI6MTIwMDAwMDAwMDAwMH19"
        }
      ]
    },
    {
      "mode": "managed",
      "type": "google_bigquery_dataset",
      "name": "prod",
      "provider": "provider[\"registry.terraform.io/hashicorp/google\"]",
      "instances": [
        {
          "schema_version": 0,
          "attributes": {
            "access": [
              {
                "dataset": [],
                "domain": "",
                "group_by_email": "",
                "role": "OWNER",
                "routine": [],
                "special_group": "",
                "user_by_email": "KhangelaniLTD@gmail.com",
                "view": []
              },
              {
                "dataset": [],
                "domain": "",
                "group_by_email": "",
                "role": "OWNER",
                "routine": [],
                "special_group": "projectOwners",
                "user_by_email": "",
                "view": []
              },
              {
                "dataset": [],
                "domain": "",
                "group_by_email": "",
                "role": "READER",
                "routine": [],
                "special_group": "projectReaders",
                "user_by_email": "",
                "view": []
              },
              {
                "dataset": [],
                "domain": "",
                "group_by_email": "",
                "role": "WRITER",
                "routine": [],
                "special_group": "projectWriters",
                "user_by_email": "",
                "view": []
              }
            ],
            "creation_time": 1777539457065,
            "dataset_id": "coffee_prod",
            "default_collation": "",
            "default_encryption_configuration": [],
            "default_partition_expiration_ms": 0,
            "default_table_expiration_ms": 0,
            "delete_contents_on_destroy": false,
            "description": "",
            "etag": "xgl8Tvyxa4KsAMrJM0GPvg==",
            "friendly_name": "",
            "id": "projects/coffee-shop-updated/datasets/coffee_prod",
            "is_case_insensitive": false,
            "labels": {},
            "last_modified_time": 1777539457065,
            "location": "US",
            "max_time_travel_hours": "168",
            "project": "coffee-shop-updated",
            "self_link": "https://bigquery.googleapis.com/bigquery/v2/projects/coffee-shop-updated/datasets/coffee_prod",
            "storage_billing_model": "",
            "timeouts": null
          },
          "sensitive_attributes": [],
          "identity_schema_version": 0,
          "private": "eyJlMmJmYjczMC1lY2FhLTExZTYtOGY4OC0zNDM2M2JjN2M0YzAiOnsiY3JlYXRlIjoxMjAwMDAwMDAwMDAwLCJkZWxldGUiOjEyMDAwMDAwMDAwMDAsInVwZGF0ZSI6MTIwMDAwMDAwMDAwMH19"
        }
      ]
    },
    {
      "mode": "managed",
      "type": "google_bigquery_dataset",
      "name": "raw",
      "provider": "provider[\"registry.terraform.io/hashicorp/google\"]",
      "instances": [
        {
          "schema_version": 0,
          "attributes": {
            "access": [
              {
                "dataset": [],
                "domain": "",
                "group_by_email": "",
                "role": "OWNER",
                "routine": [],
                "special_group": "",
                "user_by_email": "KhangelaniLTD@gmail.com",
                "view": []
              },
              {
                "dataset": [],
                "domain": "",
                "group_by_email": "",
                "role": "OWNER",
                "routine": [],
                "special_group": "projectOwners",
                "user_by_email": "",
                "view": []
              },
              {
                "dataset": [],
                "domain": "",
                "group_by_email": "",
                "role": "READER",
                "routine": [],
                "special_group": "projectReaders",
                "user_by_email": "",
                "view": []
              },
              {
                "dataset": [],
                "domain": "",
                "group_by_email": "",
                "role": "WRITER",
                "routine": [],
                "special_group": "projectWriters",
                "user_by_email": "",
                "view": []
              }
            ],
            "creation_time": 1777539457168,
            "dataset_id": "coffee_raw",
            "default_collation": "",
            "default_encryption_configuration": [],
            "default_partition_expiration_ms": 0,
            "default_table_expiration_ms": 0,
            "delete_contents_on_destroy": false,
            "description": "",
            "etag": "oM8OiejwRQTB6RYXYtICFQ==",
            "friendly_name": "",
            "id": "projects/coffee-shop-updated/datasets/coffee_raw",
            "is_case_insensitive": false,
            "labels": {},
            "last_modified_time": 1777539457168,
            "location": "US",
            "max_time_travel_hours": "168",
            "project": "coffee-shop-updated",
            "self_link": "https://bigquery.googleapis.com/bigquery/v2/projects/coffee-shop-updated/datasets/coffee_raw",
            "storage_billing_model": "",
            "timeouts": null
          },
          "sensitive_attributes": [],
          "identity_schema_version": 0,
          "private": "eyJlMmJmYjczMC1lY2FhLTExZTYtOGY4OC0zNDM2M2JjN2M0YzAiOnsiY3JlYXRlIjoxMjAwMDAwMDAwMDAwLCJkZWxldGUiOjEyMDAwMDAwMDAwMDAsInVwZGF0ZSI6MTIwMDAwMDAwMDAwMH19"
        }
      ]
    },
    {
      "mode": "managed",
      "type": "google_project_iam_member",
      "name": "bq_editor",
      "provider": "provider[\"registry.terraform.io/hashicorp/google\"]",
      "instances": [
        {
          "schema_version": 0,
          "attributes": {
            "condition": [],
            "etag": "BwZQqdrsxDo=",
            "id": "coffee-shop-updated/roles/bigquery.dataEditor/serviceAccount:coffee-pipeline-sa@coffee-shop-updated.iam.gserviceaccount.com",
            "member": "serviceAccount:coffee-pipeline-sa@coffee-shop-updated.iam.gserviceaccount.com",
            "project": "coffee-shop-updated",
            "role": "roles/bigquery.dataEditor"
          },
          "sensitive_attributes": [],
          "identity_schema_version": 0,
          "private": "bnVsbA=="
        }
      ]
    },
    {
      "mode": "managed",
      "type": "google_project_iam_member",
      "name": "bq_job_user",
      "provider": "provider[\"registry.terraform.io/hashicorp/google\"]",
      "instances": [
        {
          "schema_version": 0,
          "attributes": {
            "condition": [],
            "etag": "BwZQqdrsxDo=",
            "id": "coffee-shop-updated/roles/bigquery.jobUser/serviceAccount:coffee-pipeline-sa@coffee-shop-updated.iam.gserviceaccount.com",
            "member": "serviceAccount:coffee-pipeline-sa@coffee-shop-updated.iam.gserviceaccount.com",
            "project": "coffee-shop-updated",
            "role": "roles/bigquery.jobUser"
          },
          "sensitive_attributes": [],
          "identity_schema_version": 0,
          "private": "bnVsbA=="
        }
      ]
    },
    {
      "mode": "managed",
      "type": "google_project_iam_member",
      "name": "bq_metadata",
      "provider": "provider[\"registry.terraform.io/hashicorp/google\"]",
      "instances": [
        {
          "schema_version": 0,
          "attributes": {
            "condition": [],
            "etag": "BwZQqdrsxDo=",
            "id": "coffee-shop-updated/roles/bigquery.metadataViewer/serviceAccount:coffee-pipeline-sa@coffee-shop-updated.iam.gserviceaccount.com",
            "member": "serviceAccount:coffee-pipeline-sa@coffee-shop-updated.iam.gserviceaccount.com",
            "project": "coffee-shop-updated",
            "role": "roles/bigquery.metadataViewer"
          },
          "sensitive_attributes": [],
          "identity_schema_version": 0,
          "private": "bnVsbA=="
        }
      ]
    },
    {
      "mode": "managed",
      "type": "google_service_account",
      "name": "pipeline_sa",
      "provider": "provider[\"registry.terraform.io/hashicorp/google\"]",
      "instances": [
        {
          "schema_version": 0,
          "attributes": {
            "account_id": "coffee-pipeline-sa",
            "description": "",
            "disabled": false,
            "display_name": "Coffee Pipeline SA",
            "email": "coffee-pipeline-sa@coffee-shop-updated.iam.gserviceaccount.com",
            "id": "projects/coffee-shop-updated/serviceAccounts/coffee-pipeline-sa@coffee-shop-updated.iam.gserviceaccount.com",
            "member": "serviceAccount:coffee-pipeline-sa@coffee-shop-updated.iam.gserviceaccount.com",
            "name": "projects/coffee-shop-updated/serviceAccounts/coffee-pipeline-sa@coffee-shop-updated.iam.gserviceaccount.com",
            "project": "coffee-shop-updated",
            "timeouts": null,
            "unique_id": "109143554553441388101"
          },
          "sensitive_attributes": [],
          "identity_schema_version": 0,
          "private": "eyJlMmJmYjczMC1lY2FhLTExZTYtOGY4OC0zNDM2M2JjN2M0YzAiOnsiY3JlYXRlIjozMDAwMDAwMDAwMDB9fQ=="
        }
      ]
    }
  ],
  "check_results": null
}
